
Microsoft Visual Studio Solution File, Format Version 12.00
# Visual Studio 15
VisualStudioVersion = 15.0.28307.539
MinimumVisualStudioVersion = 10.0.40219.1
Project("{9A19103F-16F7-4668-BE54-9A1E7A4F7556}") = "Vehicles", "Vehicles\Vehicles.csproj", "{F5D35779-C8CD-46EE-BC73-D416FA598B5C}"
EndProject
Project("{FAE04EC0-301F-11D3-BF4B-00C04F79EFBC}") = "03WildFarm", "03WildFarm\03WildFarm.csproj", "{562CBD9B-6BB2-4410-84D4-313F70555207}"
EndProject
Global
	GlobalSection(SolutionConfigurationPlatforms) = preSolution
		Debug|Any CPU = Debug|Any CPU
		Release|Any CPU = Release|Any CPU
	EndGlobalSection
	GlobalSection(ProjectConfigurationPlatforms) = postSolution
		{F5D35779-C8CD-46EE-BC73-D416FA598B5C}.Debug|Any CPU.ActiveCfg = Debug|Any CPU
		{F5D35779-C8CD-46EE-BC73-D416FA598B5C}.Debug|Any CPU.Build.0 = Debug|Any CPU
		{F5D35779-C8CD-46EE-BC73-D416FA598B5C}.Release|Any CPU.ActiveCfg = Release|Any CPU
		{F5D35779-C8CD-46EE-BC73-D416FA598B5C}.Release|Any CPU.Build.0 = Release|Any CPU
		{562CBD9B-6BB2-4410-84D4-313F70555207}.Debug|Any CPU.ActiveCfg = Debug|Any CPU
		{562CBD9B-6BB2-4410-84D4-313F70555207}.Debug|Any CPU.Build.0 = Debug|Any CPU
		{562CBD9B-6BB2-4410-84D4-313F70555207}.Release|Any CPU.ActiveCfg = Release|Any CPU
		{562CBD9B-6BB2-4410-84D4-313F70555207}.Release|Any CPU.Build.0 = Release|Any CPU
	EndGlobalSection
	GlobalSection(SolutionProperties) = preSolution
		HideSolutionNode = FALSE
	EndGlobalSection
	GlobalSection(ExtensibilityGlobals) = postSolution
		SolutionGuid = {95961E1B-F922-47C1-894A-85BE50B62A57}
	EndGlobalSection
EndGlobal
